
Microsoft Visual Studio Solution File, Format Version 12.00
# Visual Studio Version 17
VisualStudioVersion = 17.0.31903.59
MinimumVisualStudioVersion = 10.0.40219.1
Project("{2150E333-8FDC-42A3-9474-1A3956D46DE8}") = "src", "src", "{827E0CD3-B72D-47B6-A68D-7590B98EB39B}"
EndProject
Project("{2150E333-8FDC-42A3-9474-1A3956D46DE8}") = "Application", "Application", "{22BAF98C-8415-17C4-B26A-D537657BC863}"
EndProject
Project("{FAE04EC0-301F-11D3-BF4B-00C04F79EFBC}") = "Application", "src\Application\Application\Application.csproj", "{67AD5055-0352-4D3C-8D67-42A3145D426D}"
EndProject
Project("{2150E333-8FDC-42A3-9474-1A3956D46DE8}") = "Domain", "Domain", "{8B290487-4C16-E85E-E807-F579CBE9FC4D}"
EndProject
Project("{FAE04EC0-301F-11D3-BF4B-00C04F79EFBC}") = "Domain", "src\Domain\Domain\Domain.csproj", "{780EF1EF-6092-4E75-9A86-0E04BCF82D29}"
EndProject
Project("{FAE04EC0-301F-11D3-BF4B-00C04F79EFBC}") = "Application.Contracts", "src\Application\Application.Contracts\Application.Contracts.csproj", "{5F9DB2C5-4281-4A86-B929-27B2A8136FA2}"
EndProject
Project("{FAE04EC0-301F-11D3-BF4B-00C04F79EFBC}") = "Host", "src\Host\Host.csproj", "{8F6D6CAB-C32E-49C7-BA64-4AF6D8AD11A1}"
EndProject
Project("{2150E333-8FDC-42A3-9474-1A3956D46DE8}") = "Infrastructure", "Infrastructure", "{9048EB7F-3875-A59E-E36B-5BD4C6F2A282}"
EndProject
Project("{FAE04EC0-301F-11D3-BF4B-00C04F79EFBC}") = "Adapter.Http", "src\Infrastructure\Adapter.Http\Adapter.Http.csproj", "{31525624-6884-449F-BCD1-F1D3E0C1C6A7}"
EndProject
Project("{FAE04EC0-301F-11D3-BF4B-00C04F79EFBC}") = "Adapter.LocalImageStorage", "src\Infrastructure\Adapter.LocalImageStorage\Adapter.LocalImageStorage.csproj", "{41573E12-CB42-4AC7-8F9B-78D9673D7E86}"
EndProject
Project("{FAE04EC0-301F-11D3-BF4B-00C04F79EFBC}") = "Adapter.Notifications", "src\Infrastructure\Adapter.Notifications\Adapter.Notifications.csproj", "{52F81F71-E32C-4203-B209-1BD0EA025793}"
EndProject
Project("{FAE04EC0-301F-11D3-BF4B-00C04F79EFBC}") = "Adapter.PostgreSql", "src\Infrastructure\Adapter.PostgreSql\Adapter.PostgreSql.csproj", "{192F2AE0-BFC8-47CB-BFC9-AE27B645771C}"
EndProject
Project("{2150E333-8FDC-42A3-9474-1A3956D46DE8}") = "test", "test", "{0C88DD14-F956-CE84-757C-A364CCF449FC}"
EndProject
Project("{FAE04EC0-301F-11D3-BF4B-00C04F79EFBC}") = "Application.UnitTests", "test\Application.UnitTests\Application.UnitTests.csproj", "{33756A4A-AB4A-4302-9037-4339A57F57F6}"
EndProject
Project("{FAE04EC0-301F-11D3-BF4B-00C04F79EFBC}") = "Host.IntegrationTests", "test\Host.IntegrationTests\Host.IntegrationTests.csproj", "{8AD742F0-02A9-4C4F-B1E1-3CE0C08B6971}"
EndProject
Global
	GlobalSection(SolutionConfigurationPlatforms) = preSolution
		Debug|Any CPU = Debug|Any CPU
		Debug|x64 = Debug|x64
		Debug|x86 = Debug|x86
		Release|Any CPU = Release|Any CPU
		Release|x64 = Release|x64
		Release|x86 = Release|x86
	EndGlobalSection
	GlobalSection(ProjectConfigurationPlatforms) = postSolution
		{67AD5055-0352-4D3C-8D67-42A3145D426D}.Debug|Any CPU.ActiveCfg = Debug|Any CPU
		{67AD5055-0352-4D3C-8D67-42A3145D426D}.Debug|Any CPU.Build.0 = Debug|Any CPU
		{67AD5055-0352-4D3C-8D67-42A3145D426D}.Debug|x64.ActiveCfg = Debug|Any CPU
		{67AD5055-0352-4D3C-8D67-42A3145D426D}.Debug|x64.Build.0 = Debug|Any CPU
		{67AD5055-0352-4D3C-8D67-42A3145D426D}.Debug|x86.ActiveCfg = Debug|Any CPU
		{67AD5055-0352-4D3C-8D67-42A3145D426D}.Debug|x86.Build.0 = Debug|Any CPU
		{67AD5055-0352-4D3C-8D67-42A3145D426D}.Release|Any CPU.ActiveCfg = Release|Any CPU
		{67AD5055-0352-4D3C-8D67-42A3145D426D}.Release|Any CPU.Build.0 = Release|Any CPU
		{67AD5055-0352-4D3C-8D67-42A3145D426D}.Release|x64.ActiveCfg = Release|Any CPU
		{67AD5055-0352-4D3C-8D67-42A3145D426D}.Release|x64.Build.0 = Release|Any CPU
		{67AD5055-0352-4D3C-8D67-42A3145D426D}.Release|x86.ActiveCfg = Release|Any CPU
		{67AD5055-0352-4D3C-8D67-42A3145D426D}.Release|x86.Build.0 = Release|Any CPU
		{780EF1EF-6092-4E75-9A86-0E04BCF82D29}.Debug|Any CPU.ActiveCfg = Debug|Any CPU
		{780EF1EF-6092-4E75-9A86-0E04BCF82D29}.Debug|Any CPU.Build.0 = Debug|Any CPU
		{780EF1EF-6092-4E75-9A86-0E04BCF82D29}.Debug|x64.ActiveCfg = Debug|Any CPU
		{780EF1EF-6092-4E75-9A86-0E04BCF82D29}.Debug|x64.Build.0 = Debug|Any CPU
		{780EF1EF-6092-4E75-9A86-0E04BCF82D29}.Debug|x86.ActiveCfg = Debug|Any CPU
		{780EF1EF-6092-4E75-9A86-0E04BCF82D29}.Debug|x86.Build.0 = Debug|Any CPU
		{780EF1EF-6092-4E75-9A86-0E04BCF82D29}.Release|Any CPU.ActiveCfg = Release|Any CPU
		{780EF1EF-6092-4E75-9A86-0E04BCF82D29}.Release|Any CPU.Build.0 = Release|Any CPU
		{780EF1EF-6092-4E75-9A86-0E04BCF82D29}.Release|x64.ActiveCfg = Release|Any CPU
		{780EF1EF-6092-4E75-9A86-0E04BCF82D29}.Release|x64.Build.0 = Release|Any CPU
		{780EF1EF-6092-4E75-9A86-0E04BCF82D29}.Release|x86.ActiveCfg = Release|Any CPU
		{780EF1EF-6092-4E75-9A86-0E04BCF82D29}.Release|x86.Build.0 = Release|Any CPU
		{5F9DB2C5-4281-4A86-B929-27B2A8136FA2}.Debug|Any CPU.ActiveCfg = Debug|Any CPU
		{5F9DB2C5-4281-4A86-B929-27B2A8136FA2}.Debug|Any CPU.Build.0 = Debug|Any CPU
		{5F9DB2C5-4281-4A86-B929-27B2A8136FA2}.Debug|x64.ActiveCfg = Debug|Any CPU
		{5F9DB2C5-4281-4A86-B929-27B2A8136FA2}.Debug|x64.Build.0 = Debug|Any CPU
		{5F9DB2C5-4281-4A86-B929-27B2A8136FA2}.Debug|x86.ActiveCfg = Debug|Any CPU
		{5F9DB2C5-4281-4A86-B929-27B2A8136FA2}.Debug|x86.Build.0 = Debug|Any CPU
		{5F9DB2C5-4281-4A86-B929-27B2A8136FA2}.Release|Any CPU.ActiveCfg = Release|Any CPU
		{5F9DB2C5-4281-4A86-B929-27B2A8136FA2}.Release|Any CPU.Build.0 = Release|Any CPU
		{5F9DB2C5-4281-4A86-B929-27B2A8136FA2}.Release|x64.ActiveCfg = Release|Any CPU
		{5F9DB2C5-4281-4A86-B929-27B2A8136FA2}.Release|x64.Build.0 = Release|Any CPU
		{5F9DB2C5-4281-4A86-B929-27B2A8136FA2}.Release|x86.ActiveCfg = Release|Any CPU
		{5F9DB2C5-4281-4A86-B929-27B2A8136FA2}.Release|x86.Build.0 = Release|Any CPU
		{8F6D6CAB-C32E-49C7-BA64-4AF6D8AD11A1}.Debug|Any CPU.ActiveCfg = Debug|Any CPU
		{8F6D6CAB-C32E-49C7-BA64-4AF6D8AD11A1}.Debug|Any CPU.Build.0 = Debug|Any CPU
		{8F6D6CAB-C32E-49C7-BA64-4AF6D8AD11A1}.Debug|x64.ActiveCfg = Debug|Any CPU
		{8F6D6CAB-C32E-49C7-BA64-4AF6D8AD11A1}.Debug|x64.Build.0 = Debug|Any CPU
		{8F6D6CAB-C32E-49C7-BA64-4AF6D8AD11A1}.Debug|x86.ActiveCfg = Debug|Any CPU
		{8F6D6CAB-C32E-49C7-BA64-4AF6D8AD11A1}.Debug|x86.Build.0 = Debug|Any CPU
		{8F6D6CAB-C32E-49C7-BA64-4AF6D8AD11A1}.Release|Any CPU.ActiveCfg = Release|Any CPU
		{8F6D6CAB-C32E-49C7-BA64-4AF6D8AD11A1}.Release|Any CPU.Build.0 = Release|Any CPU
		{8F6D6CAB-C32E-49C7-BA64-4AF6D8AD11A1}.Release|x64.ActiveCfg = Release|Any CPU
		{8F6D6CAB-C32E-49C7-BA64-4AF6D8AD11A1}.Release|x64.Build.0 = Release|Any CPU
		{8F6D6CAB-C32E-49C7-BA64-4AF6D8AD11A1}.Release|x86.ActiveCfg = Release|Any CPU
		{8F6D6CAB-C32E-49C7-BA64-4AF6D8AD11A1}.Release|x86.Build.0 = Release|Any CPU
		{31525624-6884-449F-BCD1-F1D3E0C1C6A7}.Debug|Any CPU.ActiveCfg = Debug|Any CPU
		{31525624-6884-449F-BCD1-F1D3E0C1C6A7}.Debug|Any CPU.Build.0 = Debug|Any CPU
		{31525624-6884-449F-BCD1-F1D3E0C1C6A7}.Debug|x64.ActiveCfg = Debug|Any CPU
		{31525624-6884-449F-BCD1-F1D3E0C1C6A7}.Debug|x64.Build.0 = Debug|Any CPU
		{31525624-6884-449F-BCD1-F1D3E0C1C6A7}.Debug|x86.ActiveCfg = Debug|Any CPU
		{31525624-6884-449F-BCD1-F1D3E0C1C6A7}.Debug|x86.Build.0 = Debug|Any CPU
		{31525624-6884-449F-BCD1-F1D3E0C1C6A7}.Release|Any CPU.ActiveCfg = Release|Any CPU
		{31525624-6884-449F-BCD1-F1D3E0C1C6A7}.Release|Any CPU.Build.0 = Release|Any CPU
		{31525624-6884-449F-BCD1-F1D3E0C1C6A7}.Release|x64.ActiveCfg = Release|Any CPU
		{31525624-6884-449F-BCD1-F1D3E0C1C6A7}.Release|x64.Build.0 = Release|Any CPU
		{31525624-6884-449F-BCD1-F1D3E0C1C6A7}.Release|x86.ActiveCfg = Release|Any CPU
		{31525624-6884-449F-BCD1-F1D3E0C1C6A7}.Release|x86.Build.0 = Release|Any CPU
		{41573E12-CB42-4AC7-8F9B-78D9673D7E86}.Debug|Any CPU.ActiveCfg = Debug|Any CPU
		{41573E12-CB42-4AC7-8F9B-78D9673D7E86}.Debug|Any CPU.Build.0 = Debug|Any CPU
		{41573E12-CB42-4AC7-8F9B-78D9673D7E86}.Debug|x64.ActiveCfg = Debug|Any CPU
		{41573E12-CB42-4AC7-8F9B-78D9673D7E86}.Debug|x64.Build.0 = Debug|Any CPU
		{41573E12-CB42-4AC7-8F9B-78D9673D7E86}.Debug|x86.ActiveCfg = Debug|Any CPU
		{41573E12-CB42-4AC7-8F9B-78D9673D7E86}.Debug|x86.Build.0 = Debug|Any CPU
		{41573E12-CB42-4AC7-8F9B-78D9673D7E86}.Release|Any CPU.ActiveCfg = Release|Any CPU
		{41573E12-CB42-4AC7-8F9B-78D9673D7E86}.Release|Any CPU.Build.0 = Release|Any CPU
		{41573E12-CB42-4AC7-8F9B-78D9673D7E86}.Release|x64.ActiveCfg = Release|Any CPU
		{41573E12-CB42-4AC7-8F9B-78D9673D7E86}.Release|x64.Build.0 = Release|Any CPU
		{41573E12-CB42-4AC7-8F9B-78D9673D7E86}.Release|x86.ActiveCfg = Release|Any CPU
		{41573E12-CB42-4AC7-8F9B-78D9673D7E86}.Release|x86.Build.0 = Release|Any CPU
		{52F81F71-E32C-4203-B209-1BD0EA025793}.Debug|Any CPU.ActiveCfg = Debug|Any CPU
		{52F81F71-E32C-4203-B209-1BD0EA025793}.Debug|Any CPU.Build.0 = Debug|Any CPU
		{52F81F71-E32C-4203-B209-1BD0EA025793}.Debug|x64.ActiveCfg = Debug|Any CPU
		{52F81F71-E32C-4203-B209-1BD0EA025793}.Debug|x64.Build.0 = Debug|Any CPU
		{52F81F71-E32C-4203-B209-1BD0EA025793}.Debug|x86.ActiveCfg = Debug|Any CPU
		{52F81F71-E32C-4203-B209-1BD0EA025793}.Debug|x86.Build.0 = Debug|Any CPU
		{52F81F71-E32C-4203-B209-1BD0EA025793}.Release|Any CPU.ActiveCfg = Release|Any CPU
		{52F81F71-E32C-4203-B209-1BD0EA025793}.Release|Any CPU.Build.0 = Release|Any CPU
		{52F81F71-E32C-4203-B209-1BD0EA025793}.Release|x64.ActiveCfg = Release|Any CPU
		{52F81F71-E32C-4203-B209-1BD0EA025793}.Release|x64.Build.0 = Release|Any CPU
		{52F81F71-E32C-4203-B209-1BD0EA025793}.Release|x86.ActiveCfg = Release|Any CPU
		{52F81F71-E32C-4203-B209-1BD0EA025793}.Release|x86.Build.0 = Release|Any CPU
		{192F2AE0-BFC8-47CB-BFC9-AE27B645771C}.Debug|Any CPU.ActiveCfg = Debug|Any CPU
		{192F2AE0-BFC8-47CB-BFC9-AE27B645771C}.Debug|Any CPU.Build.0 = Debug|Any CPU
		{192F2AE0-BFC8-47CB-BFC9-AE27B645771C}.Debug|x64.ActiveCfg = Debug|Any CPU
		{192F2AE0-BFC8-47CB-BFC9-AE27B645771C}.Debug|x64.Build.0 = Debug|Any CPU
		{192F2AE0-BFC8-47CB-BFC9-AE27B645771C}.Debug|x86.ActiveCfg = Debug|Any CPU
		{192F2AE0-BFC8-47CB-BFC9-AE27B645771C}.Debug|x86.Build.0 = Debug|Any CPU
		{192F2AE0-BFC8-47CB-BFC9-AE27B645771C}.Release|Any CPU.ActiveCfg = Release|Any CPU
		{192F2AE0-BFC8-47CB-BFC9-AE27B645771C}.Release|Any CPU.Build.0 = Release|Any CPU
		{192F2AE0-BFC8-47CB-BFC9-AE27B645771C}.Release|x64.ActiveCfg = Release|Any CPU
		{192F2AE0-BFC8-47CB-BFC9-AE27B645771C}.Release|x64.Build.0 = Release|Any CPU
		{192F2AE0-BFC8-47CB-BFC9-AE27B645771C}.Release|x86.ActiveCfg = Release|Any CPU
		{192F2AE0-BFC8-47CB-BFC9-AE27B645771C}.Release|x86.Build.0 = Release|Any CPU
		{33756A4A-AB4A-4302-9037-4339A57F57F6}.Debug|Any CPU.ActiveCfg = Debug|Any CPU
		{33756A4A-AB4A-4302-9037-4339A57F57F6}.Debug|Any CPU.Build.0 = Debug|Any CPU
		{33756A4A-AB4A-4302-9037-4339A57F57F6}.Debug|x64.ActiveCfg = Debug|Any CPU
		{33756A4A-AB4A-4302-9037-4339A57F57F6}.Debug|x64.Build.0 = Debug|Any CPU
		{33756A4A-AB4A-4302-9037-4339A57F57F6}.Debug|x86.ActiveCfg = Debug|Any CPU
		{33756A4A-AB4A-4302-9037-4339A57F57F6}.Debug|x86.Build.0 = Debug|Any CPU
		{33756A4A-AB4A-4302-9037-4339A57F57F6}.Release|Any CPU.ActiveCfg = Release|Any CPU
		{33756A4A-AB4A-4302-9037-4339A57F57F6}.Release|Any CPU.Build.0 = Release|Any CPU
		{33756A4A-AB4A-4302-9037-4339A57F57F6}.Release|x64.ActiveCfg = Release|Any CPU
		{33756A4A-AB4A-4302-9037-4339A57F57F6}.Release|x64.Build.0 = Release|Any CPU
		{33756A4A-AB4A-4302-9037-4339A57F57F6}.Release|x86.ActiveCfg = Release|Any CPU
		{33756A4A-AB4A-4302-9037-4339A57F57F6}.Release|x86.Build.0 = Release|Any CPU
		{8AD742F0-02A9-4C4F-B1E1-3CE0C08B6971}.Debug|Any CPU.ActiveCfg = Debug|Any CPU
		{8AD742F0-02A9-4C4F-B1E1-3CE0C08B6971}.Debug|Any CPU.Build.0 = Debug|Any CPU
		{8AD742F0-02A9-4C4F-B1E1-3CE0C08B6971}.Debug|x64.ActiveCfg = Debug|Any CPU
		{8AD742F0-02A9-4C4F-B1E1-3CE0C08B6971}.Debug|x64.Build.0 = Debug|Any CPU
		{8AD742F0-02A9-4C4F-B1E1-3CE0C08B6971}.Debug|x86.ActiveCfg = Debug|Any CPU
		{8AD742F0-02A9-4C4F-B1E1-3CE0C08B6971}.Debug|x86.Build.0 = Debug|Any CPU
		{8AD742F0-02A9-4C4F-B1E1-3CE0C08B6971}.Release|Any CPU.ActiveCfg = Release|Any CPU
		{8AD742F0-02A9-4C4F-B1E1-3CE0C08B6971}.Release|Any CPU.Build.0 = Release|Any CPU
		{8AD742F0-02A9-4C4F-B1E1-3CE0C08B6971}.Release|x64.ActiveCfg = Release|Any CPU
		{8AD742F0-02A9-4C4F-B1E1-3CE0C08B6971}.Release|x64.Build.0 = Release|Any CPU
		{8AD742F0-02A9-4C4F-B1E1-3CE0C08B6971}.Release|x86.ActiveCfg = Release|Any CPU
		{8AD742F0-02A9-4C4F-B1E1-3CE0C08B6971}.Release|x86.Build.0 = Release|Any CPU
	EndGlobalSection
	GlobalSection(SolutionProperties) = preSolution
		HideSolutionNode = FALSE
	EndGlobalSection
	GlobalSection(NestedProjects) = preSolution
		{22BAF98C-8415-17C4-B26A-D537657BC863} = {827E0CD3-B72D-47B6-A68D-7590B98EB39B}
		{67AD5055-0352-4D3C-8D67-42A3145D426D} = {22BAF98C-8415-17C4-B26A-D537657BC863}
		{8B290487-4C16-E85E-E807-F579CBE9FC4D} = {827E0CD3-B72D-47B6-A68D-7590B98EB39B}
		{780EF1EF-6092-4E75-9A86-0E04BCF82D29} = {8B290487-4C16-E85E-E807-F579CBE9FC4D}
		{5F9DB2C5-4281-4A86-B929-27B2A8136FA2} = {22BAF98C-8415-17C4-B26A-D537657BC863}
		{8F6D6CAB-C32E-49C7-BA64-4AF6D8AD11A1} = {827E0CD3-B72D-47B6-A68D-7590B98EB39B}
		{9048EB7F-3875-A59E-E36B-5BD4C6F2A282} = {827E0CD3-B72D-47B6-A68D-7590B98EB39B}
		{31525624-6884-449F-BCD1-F1D3E0C1C6A7} = {9048EB7F-3875-A59E-E36B-5BD4C6F2A282}
		{41573E12-CB42-4AC7-8F9B-78D9673D7E86} = {9048EB7F-3875-A59E-E36B-5BD4C6F2A282}
		{52F81F71-E32C-4203-B209-1BD0EA025793} = {9048EB7F-3875-A59E-E36B-5BD4C6F2A282}
		{192F2AE0-BFC8-47CB-BFC9-AE27B645771C} = {9048EB7F-3875-A59E-E36B-5BD4C6F2A282}
		{33756A4A-AB4A-4302-9037-4339A57F57F6} = {0C88DD14-F956-CE84-757C-A364CCF449FC}
		{8AD742F0-02A9-4C4F-B1E1-3CE0C08B6971} = {0C88DD14-F956-CE84-757C-A364CCF449FC}
	EndGlobalSection
EndGlobal
