
Microsoft Visual Studio Solution File, Format Version 12.00
# Visual Studio Version 17
VisualStudioVersion = 17.0.31903.59
MinimumVisualStudioVersion = 10.0.40219.1
Project("{2150E333-8FDC-42A3-9474-1A3956D46DE8}") = "src", "src", "{827E0CD3-B72D-47B6-A68D-7590B98EB39B}"
EndProject
Project("{2150E333-8FDC-42A3-9474-1A3956D46DE8}") = "BuildingBlocks", "BuildingBlocks", "{90298CBA-BD6F-3A0A-69D5-97CAD7B05E7E}"
EndProject
Project("{2150E333-8FDC-42A3-9474-1A3956D46DE8}") = "Application", "Application", "{9EE5AAEC-AB02-9FE8-CF99-35D2D2EE0FA4}"
EndProject
Project("{FAE04EC0-301F-11D3-BF4B-00C04F79EFBC}") = "BuildingBlocks.Application", "src\BuildingBlocks\Application\BuildingBlocks.Application.csproj", "{E2D70648-0723-4359-8AAF-FC6F4B7480E1}"
EndProject
Project("{2150E333-8FDC-42A3-9474-1A3956D46DE8}") = "Domain", "Domain", "{A4B1E784-646A-B9E1-E156-960261419CD6}"
EndProject
Project("{FAE04EC0-301F-11D3-BF4B-00C04F79EFBC}") = "BuildingBlocks.Domain", "src\BuildingBlocks\Domain\BuildingBlocks.Domain.csproj", "{EA434148-7B06-453C-9D93-B3ED6D743F82}"
EndProject
Project("{2150E333-8FDC-42A3-9474-1A3956D46DE8}") = "Host", "Host", "{981C2CF6-E5BB-602A-511C-234B538302B0}"
EndProject
Project("{FAE04EC0-301F-11D3-BF4B-00C04F79EFBC}") = "InteriorMarketplace.WebApi", "src\Host\InteriorMarketplace.WebApi\InteriorMarketplace.WebApi.csproj", "{10C097B4-D42D-4119-A576-6BF61C0CA95E}"
EndProject
Project("{2150E333-8FDC-42A3-9474-1A3956D46DE8}") = "Modules", "Modules", "{EC447DCF-ABFA-6E24-52A5-D7FD48A5C558}"
EndProject
Project("{FAE04EC0-301F-11D3-BF4B-00C04F79EFBC}") = "Identity", "src\Modules\Identity\Identity.csproj", "{7560297B-0865-452A-8E25-0FDF7046AF50}"
EndProject
Project("{FAE04EC0-301F-11D3-BF4B-00C04F79EFBC}") = "Notifications", "src\Modules\Notifications\Notifications.csproj", "{5FE39EF4-500E-46CC-AFA6-3E37DB3C8EC8}"
EndProject
Project("{2150E333-8FDC-42A3-9474-1A3956D46DE8}") = "Projects", "Projects", "{DEF05D85-86F1-393F-22F4-9251153583D2}"
EndProject
Project("{FAE04EC0-301F-11D3-BF4B-00C04F79EFBC}") = "Projects.Adapters.Inbound", "src\Modules\Projects\Projects.Adapters.Inbound\Projects.Adapters.Inbound.csproj", "{C7462053-A70D-4225-B628-C6C738234C34}"
EndProject
Project("{FAE04EC0-301F-11D3-BF4B-00C04F79EFBC}") = "Projects.Adapters.Outbound", "src\Modules\Projects\Projects.Adapters.Outbound\Projects.Adapters.Outbound.csproj", "{243DDCA3-E86A-4E51-B4D9-58EBB244D3F3}"
EndProject
Project("{FAE04EC0-301F-11D3-BF4B-00C04F79EFBC}") = "Projects.Application", "src\Modules\Projects\Projects.Application\Projects.Application.csproj", "{560DA946-2DDD-47A9-AF07-42BED3B8AECD}"
EndProject
Project("{FAE04EC0-301F-11D3-BF4B-00C04F79EFBC}") = "Projects.Domain", "src\Modules\Projects\Projects.Domain\Projects.Domain.csproj", "{505E5DBA-6213-49C5-B545-DF3857A97EBE}"
EndProject
Project("{2150E333-8FDC-42A3-9474-1A3956D46DE8}") = "VendorOffers", "VendorOffers", "{0904707B-09B3-9FF0-C6AF-59910AFB5D71}"
EndProject
Project("{FAE04EC0-301F-11D3-BF4B-00C04F79EFBC}") = "VendorOffers.Adapters.Inbound", "src\Modules\VendorOffers\VendorOffers.Adapters.Inbound\VendorOffers.Adapters.Inbound.csproj", "{BC9A843E-C21B-4B1D-8B71-85D8F5C4E04E}"
EndProject
Project("{FAE04EC0-301F-11D3-BF4B-00C04F79EFBC}") = "VendorOffers.Adapters.Outbound", "src\Modules\VendorOffers\VendorOffers.Adapters.Outbound\VendorOffers.Adapters.Outbound.csproj", "{660CE151-A145-44A5-A3FA-7E6D375BB7C1}"
EndProject
Project("{FAE04EC0-301F-11D3-BF4B-00C04F79EFBC}") = "VendorOffers.Application", "src\Modules\VendorOffers\VendorOffers.Application\VendorOffers.Application.csproj", "{7CC468E4-DBD4-4BBA-A560-6C89648F263B}"
EndProject
Project("{FAE04EC0-301F-11D3-BF4B-00C04F79EFBC}") = "VendorOffers.Domain", "src\Modules\VendorOffers\VendorOffers.Domain\VendorOffers.Domain.csproj", "{9D9B21E0-9D76-4943-B3AC-92982C38EB22}"
EndProject
Project("{2150E333-8FDC-42A3-9474-1A3956D46DE8}") = "tests", "tests", "{0AB3BF05-4346-4AA6-1389-037BE0695223}"
EndProject
Project("{FAE04EC0-301F-11D3-BF4B-00C04F79EFBC}") = "ArchitectureTests", "tests\ArchitectureTests\ArchitectureTests.csproj", "{A59D1224-D826-4103-958A-4F71C37FAD08}"
EndProject
Project("{FAE04EC0-301F-11D3-BF4B-00C04F79EFBC}") = "Projects.Application.Tests", "tests\Projects.Application.Tests\Projects.Application.Tests.csproj", "{8B188CC7-20B7-456A-9C3F-2E42F2F3CD0F}"
EndProject
Project("{FAE04EC0-301F-11D3-BF4B-00C04F79EFBC}") = "Projects.Domain.Tests", "tests\Projects.Domain.Tests\Projects.Domain.Tests.csproj", "{4880BFE2-3647-4B4E-8C4C-F23413BFA9AC}"
EndProject
Project("{FAE04EC0-301F-11D3-BF4B-00C04F79EFBC}") = "VendorOffers.Domain.Tests", "tests\VendorOffers.Domain.Tests\VendorOffers.Domain.Tests.csproj", "{8F2564EC-AC57-4CC0-9ECD-4897D936DFBC}"
EndProject
Global
	GlobalSection(SolutionConfigurationPlatforms) = preSolution
		Debug|Any CPU = Debug|Any CPU
		Debug|x64 = Debug|x64
		Debug|x86 = Debug|x86
		Release|Any CPU = Release|Any CPU
		Release|x64 = Release|x64
		Release|x86 = Release|x86
	EndGlobalSection
	GlobalSection(ProjectConfigurationPlatforms) = postSolution
		{E2D70648-0723-4359-8AAF-FC6F4B7480E1}.Debug|Any CPU.ActiveCfg = Debug|Any CPU
		{E2D70648-0723-4359-8AAF-FC6F4B7480E1}.Debug|Any CPU.Build.0 = Debug|Any CPU
		{E2D70648-0723-4359-8AAF-FC6F4B7480E1}.Debug|x64.ActiveCfg = Debug|Any CPU
		{E2D70648-0723-4359-8AAF-FC6F4B7480E1}.Debug|x64.Build.0 = Debug|Any CPU
		{E2D70648-0723-4359-8AAF-FC6F4B7480E1}.Debug|x86.ActiveCfg = Debug|Any CPU
		{E2D70648-0723-4359-8AAF-FC6F4B7480E1}.Debug|x86.Build.0 = Debug|Any CPU
		{E2D70648-0723-4359-8AAF-FC6F4B7480E1}.Release|Any CPU.ActiveCfg = Release|Any CPU
		{E2D70648-0723-4359-8AAF-FC6F4B7480E1}.Release|Any CPU.Build.0 = Release|Any CPU
		{E2D70648-0723-4359-8AAF-FC6F4B7480E1}.Release|x64.ActiveCfg = Release|Any CPU
		{E2D70648-0723-4359-8AAF-FC6F4B7480E1}.Release|x64.Build.0 = Release|Any CPU
		{E2D70648-0723-4359-8AAF-FC6F4B7480E1}.Release|x86.ActiveCfg = Release|Any CPU
		{E2D70648-0723-4359-8AAF-FC6F4B7480E1}.Release|x86.Build.0 = Release|Any CPU
		{EA434148-7B06-453C-9D93-B3ED6D743F82}.Debug|Any CPU.ActiveCfg = Debug|Any CPU
		{EA434148-7B06-453C-9D93-B3ED6D743F82}.Debug|Any CPU.Build.0 = Debug|Any CPU
		{EA434148-7B06-453C-9D93-B3ED6D743F82}.Debug|x64.ActiveCfg = Debug|Any CPU
		{EA434148-7B06-453C-9D93-B3ED6D743F82}.Debug|x64.Build.0 = Debug|Any CPU
		{EA434148-7B06-453C-9D93-B3ED6D743F82}.Debug|x86.ActiveCfg = Debug|Any CPU
		{EA434148-7B06-453C-9D93-B3ED6D743F82}.Debug|x86.Build.0 = Debug|Any CPU
		{EA434148-7B06-453C-9D93-B3ED6D743F82}.Release|Any CPU.ActiveCfg = Release|Any CPU
		{EA434148-7B06-453C-9D93-B3ED6D743F82}.Release|Any CPU.Build.0 = Release|Any CPU
		{EA434148-7B06-453C-9D93-B3ED6D743F82}.Release|x64.ActiveCfg = Release|Any CPU
		{EA434148-7B06-453C-9D93-B3ED6D743F82}.Release|x64.Build.0 = Release|Any CPU
		{EA434148-7B06-453C-9D93-B3ED6D743F82}.Release|x86.ActiveCfg = Release|Any CPU
		{EA434148-7B06-453C-9D93-B3ED6D743F82}.Release|x86.Build.0 = Release|Any CPU
		{10C097B4-D42D-4119-A576-6BF61C0CA95E}.Debug|Any CPU.ActiveCfg = Debug|Any CPU
		{10C097B4-D42D-4119-A576-6BF61C0CA95E}.Debug|Any CPU.Build.0 = Debug|Any CPU
		{10C097B4-D42D-4119-A576-6BF61C0CA95E}.Debug|x64.ActiveCfg = Debug|Any CPU
		{10C097B4-D42D-4119-A576-6BF61C0CA95E}.Debug|x64.Build.0 = Debug|Any CPU
		{10C097B4-D42D-4119-A576-6BF61C0CA95E}.Debug|x86.ActiveCfg = Debug|Any CPU
		{10C097B4-D42D-4119-A576-6BF61C0CA95E}.Debug|x86.Build.0 = Debug|Any CPU
		{10C097B4-D42D-4119-A576-6BF61C0CA95E}.Release|Any CPU.ActiveCfg = Release|Any CPU
		{10C097B4-D42D-4119-A576-6BF61C0CA95E}.Release|Any CPU.Build.0 = Release|Any CPU
		{10C097B4-D42D-4119-A576-6BF61C0CA95E}.Release|x64.ActiveCfg = Release|Any CPU
		{10C097B4-D42D-4119-A576-6BF61C0CA95E}.Release|x64.Build.0 = Release|Any CPU
		{10C097B4-D42D-4119-A576-6BF61C0CA95E}.Release|x86.ActiveCfg = Release|Any CPU
		{10C097B4-D42D-4119-A576-6BF61C0CA95E}.Release|x86.Build.0 = Release|Any CPU
		{7560297B-0865-452A-8E25-0FDF7046AF50}.Debug|Any CPU.ActiveCfg = Debug|Any CPU
		{7560297B-0865-452A-8E25-0FDF7046AF50}.Debug|Any CPU.Build.0 = Debug|Any CPU
		{7560297B-0865-452A-8E25-0FDF7046AF50}.Debug|x64.ActiveCfg = Debug|Any CPU
		{7560297B-0865-452A-8E25-0FDF7046AF50}.Debug|x64.Build.0 = Debug|Any CPU
		{7560297B-0865-452A-8E25-0FDF7046AF50}.Debug|x86.ActiveCfg = Debug|Any CPU
		{7560297B-0865-452A-8E25-0FDF7046AF50}.Debug|x86.Build.0 = Debug|Any CPU
		{7560297B-0865-452A-8E25-0FDF7046AF50}.Release|Any CPU.ActiveCfg = Release|Any CPU
		{7560297B-0865-452A-8E25-0FDF7046AF50}.Release|Any CPU.Build.0 = Release|Any CPU
		{7560297B-0865-452A-8E25-0FDF7046AF50}.Release|x64.ActiveCfg = Release|Any CPU
		{7560297B-0865-452A-8E25-0FDF7046AF50}.Release|x64.Build.0 = Release|Any CPU
		{7560297B-0865-452A-8E25-0FDF7046AF50}.Release|x86.ActiveCfg = Release|Any CPU
		{7560297B-0865-452A-8E25-0FDF7046AF50}.Release|x86.Build.0 = Release|Any CPU
		{5FE39EF4-500E-46CC-AFA6-3E37DB3C8EC8}.Debug|Any CPU.ActiveCfg = Debug|Any CPU
		{5FE39EF4-500E-46CC-AFA6-3E37DB3C8EC8}.Debug|Any CPU.Build.0 = Debug|Any CPU
		{5FE39EF4-500E-46CC-AFA6-3E37DB3C8EC8}.Debug|x64.ActiveCfg = Debug|Any CPU
		{5FE39EF4-500E-46CC-AFA6-3E37DB3C8EC8}.Debug|x64.Build.0 = Debug|Any CPU
		{5FE39EF4-500E-46CC-AFA6-3E37DB3C8EC8}.Debug|x86.ActiveCfg = Debug|Any CPU
		{5FE39EF4-500E-46CC-AFA6-3E37DB3C8EC8}.Debug|x86.Build.0 = Debug|Any CPU
		{5FE39EF4-500E-46CC-AFA6-3E37DB3C8EC8}.Release|Any CPU.ActiveCfg = Release|Any CPU
		{5FE39EF4-500E-46CC-AFA6-3E37DB3C8EC8}.Release|Any CPU.Build.0 = Release|Any CPU
		{5FE39EF4-500E-46CC-AFA6-3E37DB3C8EC8}.Release|x64.ActiveCfg = Release|Any CPU
		{5FE39EF4-500E-46CC-AFA6-3E37DB3C8EC8}.Release|x64.Build.0 = Release|Any CPU
		{5FE39EF4-500E-46CC-AFA6-3E37DB3C8EC8}.Release|x86.ActiveCfg = Release|Any CPU
		{5FE39EF4-500E-46CC-AFA6-3E37DB3C8EC8}.Release|x86.Build.0 = Release|Any CPU
		{C7462053-A70D-4225-B628-C6C738234C34}.Debug|Any CPU.ActiveCfg = Debug|Any CPU
		{C7462053-A70D-4225-B628-C6C738234C34}.Debug|Any CPU.Build.0 = Debug|Any CPU
		{C7462053-A70D-4225-B628-C6C738234C34}.Debug|x64.ActiveCfg = Debug|Any CPU
		{C7462053-A70D-4225-B628-C6C738234C34}.Debug|x64.Build.0 = Debug|Any CPU
		{C7462053-A70D-4225-B628-C6C738234C34}.Debug|x86.ActiveCfg = Debug|Any CPU
		{C7462053-A70D-4225-B628-C6C738234C34}.Debug|x86.Build.0 = Debug|Any CPU
		{C7462053-A70D-4225-B628-C6C738234C34}.Release|Any CPU.ActiveCfg = Release|Any CPU
		{C7462053-A70D-4225-B628-C6C738234C34}.Release|Any CPU.Build.0 = Release|Any CPU
		{C7462053-A70D-4225-B628-C6C738234C34}.Release|x64.ActiveCfg = Release|Any CPU
		{C7462053-A70D-4225-B628-C6C738234C34}.Release|x64.Build.0 = Release|Any CPU
		{C7462053-A70D-4225-B628-C6C738234C34}.Release|x86.ActiveCfg = Release|Any CPU
		{C7462053-A70D-4225-B628-C6C738234C34}.Release|x86.Build.0 = Release|Any CPU
		{243DDCA3-E86A-4E51-B4D9-58EBB244D3F3}.Debug|Any CPU.ActiveCfg = Debug|Any CPU
		{243DDCA3-E86A-4E51-B4D9-58EBB244D3F3}.Debug|Any CPU.Build.0 = Debug|Any CPU
		{243DDCA3-E86A-4E51-B4D9-58EBB244D3F3}.Debug|x64.ActiveCfg = Debug|Any CPU
		{243DDCA3-E86A-4E51-B4D9-58EBB244D3F3}.Debug|x64.Build.0 = Debug|Any CPU
		{243DDCA3-E86A-4E51-B4D9-58EBB244D3F3}.Debug|x86.ActiveCfg = Debug|Any CPU
		{243DDCA3-E86A-4E51-B4D9-58EBB244D3F3}.Debug|x86.Build.0 = Debug|Any CPU
		{243DDCA3-E86A-4E51-B4D9-58EBB244D3F3}.Release|Any CPU.ActiveCfg = Release|Any CPU
		{243DDCA3-E86A-4E51-B4D9-58EBB244D3F3}.Release|Any CPU.Build.0 = Release|Any CPU
		{243DDCA3-E86A-4E51-B4D9-58EBB244D3F3}.Release|x64.ActiveCfg = Release|Any CPU
		{243DDCA3-E86A-4E51-B4D9-58EBB244D3F3}.Release|x64.Build.0 = Release|Any CPU
		{243DDCA3-E86A-4E51-B4D9-58EBB244D3F3}.Release|x86.ActiveCfg = Release|Any CPU
		{243DDCA3-E86A-4E51-B4D9-58EBB244D3F3}.Release|x86.Build.0 = Release|Any CPU
		{560DA946-2DDD-47A9-AF07-42BED3B8AECD}.Debug|Any CPU.ActiveCfg = Debug|Any CPU
		{560DA946-2DDD-47A9-AF07-42BED3B8AECD}.Debug|Any CPU.Build.0 = Debug|Any CPU
		{560DA946-2DDD-47A9-AF07-42BED3B8AECD}.Debug|x64.ActiveCfg = Debug|Any CPU
		{560DA946-2DDD-47A9-AF07-42BED3B8AECD}.Debug|x64.Build.0 = Debug|Any CPU
		{560DA946-2DDD-47A9-AF07-42BED3B8AECD}.Debug|x86.ActiveCfg = Debug|Any CPU
		{560DA946-2DDD-47A9-AF07-42BED3B8AECD}.Debug|x86.Build.0 = Debug|Any CPU
		{560DA946-2DDD-47A9-AF07-42BED3B8AECD}.Release|Any CPU.ActiveCfg = Release|Any CPU
		{560DA946-2DDD-47A9-AF07-42BED3B8AECD}.Release|Any CPU.Build.0 = Release|Any CPU
		{560DA946-2DDD-47A9-AF07-42BED3B8AECD}.Release|x64.ActiveCfg = Release|Any CPU
		{560DA946-2DDD-47A9-AF07-42BED3B8AECD}.Release|x64.Build.0 = Release|Any CPU
		{560DA946-2DDD-47A9-AF07-42BED3B8AECD}.Release|x86.ActiveCfg = Release|Any CPU
		{560DA946-2DDD-47A9-AF07-42BED3B8AECD}.Release|x86.Build.0 = Release|Any CPU
		{505E5DBA-6213-49C5-B545-DF3857A97EBE}.Debug|Any CPU.ActiveCfg = Debug|Any CPU
		{505E5DBA-6213-49C5-B545-DF3857A97EBE}.Debug|Any CPU.Build.0 = Debug|Any CPU
		{505E5DBA-6213-49C5-B545-DF3857A97EBE}.Debug|x64.ActiveCfg = Debug|Any CPU
		{505E5DBA-6213-49C5-B545-DF3857A97EBE}.Debug|x64.Build.0 = Debug|Any CPU
		{505E5DBA-6213-49C5-B545-DF3857A97EBE}.Debug|x86.ActiveCfg = Debug|Any CPU
		{505E5DBA-6213-49C5-B545-DF3857A97EBE}.Debug|x86.Build.0 = Debug|Any CPU
		{505E5DBA-6213-49C5-B545-DF3857A97EBE}.Release|Any CPU.ActiveCfg = Release|Any CPU
		{505E5DBA-6213-49C5-B545-DF3857A97EBE}.Release|Any CPU.Build.0 = Release|Any CPU
		{505E5DBA-6213-49C5-B545-DF3857A97EBE}.Release|x64.ActiveCfg = Release|Any CPU
		{505E5DBA-6213-49C5-B545-DF3857A97EBE}.Release|x64.Build.0 = Release|Any CPU
		{505E5DBA-6213-49C5-B545-DF3857A97EBE}.Release|x86.ActiveCfg = Release|Any CPU
		{505E5DBA-6213-49C5-B545-DF3857A97EBE}.Release|x86.Build.0 = Release|Any CPU
		{BC9A843E-C21B-4B1D-8B71-85D8F5C4E04E}.Debug|Any CPU.ActiveCfg = Debug|Any CPU
		{BC9A843E-C21B-4B1D-8B71-85D8F5C4E04E}.Debug|Any CPU.Build.0 = Debug|Any CPU
		{BC9A843E-C21B-4B1D-8B71-85D8F5C4E04E}.Debug|x64.ActiveCfg = Debug|Any CPU
		{BC9A843E-C21B-4B1D-8B71-85D8F5C4E04E}.Debug|x64.Build.0 = Debug|Any CPU
		{BC9A843E-C21B-4B1D-8B71-85D8F5C4E04E}.Debug|x86.ActiveCfg = Debug|Any CPU
		{BC9A843E-C21B-4B1D-8B71-85D8F5C4E04E}.Debug|x86.Build.0 = Debug|Any CPU
		{BC9A843E-C21B-4B1D-8B71-85D8F5C4E04E}.Release|Any CPU.ActiveCfg = Release|Any CPU
		{BC9A843E-C21B-4B1D-8B71-85D8F5C4E04E}.Release|Any CPU.Build.0 = Release|Any CPU
		{BC9A843E-C21B-4B1D-8B71-85D8F5C4E04E}.Release|x64.ActiveCfg = Release|Any CPU
		{BC9A843E-C21B-4B1D-8B71-85D8F5C4E04E}.Release|x64.Build.0 = Release|Any CPU
		{BC9A843E-C21B-4B1D-8B71-85D8F5C4E04E}.Release|x86.ActiveCfg = Release|Any CPU
		{BC9A843E-C21B-4B1D-8B71-85D8F5C4E04E}.Release|x86.Build.0 = Release|Any CPU
		{660CE151-A145-44A5-A3FA-7E6D375BB7C1}.Debug|Any CPU.ActiveCfg = Debug|Any CPU
		{660CE151-A145-44A5-A3FA-7E6D375BB7C1}.Debug|Any CPU.Build.0 = Debug|Any CPU
		{660CE151-A145-44A5-A3FA-7E6D375BB7C1}.Debug|x64.ActiveCfg = Debug|Any CPU
		{660CE151-A145-44A5-A3FA-7E6D375BB7C1}.Debug|x64.Build.0 = Debug|Any CPU
		{660CE151-A145-44A5-A3FA-7E6D375BB7C1}.Debug|x86.ActiveCfg = Debug|Any CPU
		{660CE151-A145-44A5-A3FA-7E6D375BB7C1}.Debug|x86.Build.0 = Debug|Any CPU
		{660CE151-A145-44A5-A3FA-7E6D375BB7C1}.Release|Any CPU.ActiveCfg = Release|Any CPU
		{660CE151-A145-44A5-A3FA-7E6D375BB7C1}.Release|Any CPU.Build.0 = Release|Any CPU
		{660CE151-A145-44A5-A3FA-7E6D375BB7C1}.Release|x64.ActiveCfg = Release|Any CPU
		{660CE151-A145-44A5-A3FA-7E6D375BB7C1}.Release|x64.Build.0 = Release|Any CPU
		{660CE151-A145-44A5-A3FA-7E6D375BB7C1}.Release|x86.ActiveCfg = Release|Any CPU
		{660CE151-A145-44A5-A3FA-7E6D375BB7C1}.Release|x86.Build.0 = Release|Any CPU
		{7CC468E4-DBD4-4BBA-A560-6C89648F263B}.Debug|Any CPU.ActiveCfg = Debug|Any CPU
		{7CC468E4-DBD4-4BBA-A560-6C89648F263B}.Debug|Any CPU.Build.0 = Debug|Any CPU
		{7CC468E4-DBD4-4BBA-A560-6C89648F263B}.Debug|x64.ActiveCfg = Debug|Any CPU
		{7CC468E4-DBD4-4BBA-A560-6C89648F263B}.Debug|x64.Build.0 = Debug|Any CPU
		{7CC468E4-DBD4-4BBA-A560-6C89648F263B}.Debug|x86.ActiveCfg = Debug|Any CPU
		{7CC468E4-DBD4-4BBA-A560-6C89648F263B}.Debug|x86.Build.0 = Debug|Any CPU
		{7CC468E4-DBD4-4BBA-A560-6C89648F263B}.Release|Any CPU.ActiveCfg = Release|Any CPU
		{7CC468E4-DBD4-4BBA-A560-6C89648F263B}.Release|Any CPU.Build.0 = Release|Any CPU
		{7CC468E4-DBD4-4BBA-A560-6C89648F263B}.Release|x64.ActiveCfg = Release|Any CPU
		{7CC468E4-DBD4-4BBA-A560-6C89648F263B}.Release|x64.Build.0 = Release|Any CPU
		{7CC468E4-DBD4-4BBA-A560-6C89648F263B}.Release|x86.ActiveCfg = Release|Any CPU
		{7CC468E4-DBD4-4BBA-A560-6C89648F263B}.Release|x86.Build.0 = Release|Any CPU
		{9D9B21E0-9D76-4943-B3AC-92982C38EB22}.Debug|Any CPU.ActiveCfg = Debug|Any CPU
		{9D9B21E0-9D76-4943-B3AC-92982C38EB22}.Debug|Any CPU.Build.0 = Debug|Any CPU
		{9D9B21E0-9D76-4943-B3AC-92982C38EB22}.Debug|x64.ActiveCfg = Debug|Any CPU
		{9D9B21E0-9D76-4943-B3AC-92982C38EB22}.Debug|x64.Build.0 = Debug|Any CPU
		{9D9B21E0-9D76-4943-B3AC-92982C38EB22}.Debug|x86.ActiveCfg = Debug|Any CPU
		{9D9B21E0-9D76-4943-B3AC-92982C38EB22}.Debug|x86.Build.0 = Debug|Any CPU
		{9D9B21E0-9D76-4943-B3AC-92982C38EB22}.Release|Any CPU.ActiveCfg = Release|Any CPU
		{9D9B21E0-9D76-4943-B3AC-92982C38EB22}.Release|Any CPU.Build.0 = Release|Any CPU
		{9D9B21E0-9D76-4943-B3AC-92982C38EB22}.Release|x64.ActiveCfg = Release|Any CPU
		{9D9B21E0-9D76-4943-B3AC-92982C38EB22}.Release|x64.Build.0 = Release|Any CPU
		{9D9B21E0-9D76-4943-B3AC-92982C38EB22}.Release|x86.ActiveCfg = Release|Any CPU
		{9D9B21E0-9D76-4943-B3AC-92982C38EB22}.Release|x86.Build.0 = Release|Any CPU
		{A59D1224-D826-4103-958A-4F71C37FAD08}.Debug|Any CPU.ActiveCfg = Debug|Any CPU
		{A59D1224-D826-4103-958A-4F71C37FAD08}.Debug|Any CPU.Build.0 = Debug|Any CPU
		{A59D1224-D826-4103-958A-4F71C37FAD08}.Debug|x64.ActiveCfg = Debug|Any CPU
		{A59D1224-D826-4103-958A-4F71C37FAD08}.Debug|x64.Build.0 = Debug|Any CPU
		{A59D1224-D826-4103-958A-4F71C37FAD08}.Debug|x86.ActiveCfg = Debug|Any CPU
		{A59D1224-D826-4103-958A-4F71C37FAD08}.Debug|x86.Build.0 = Debug|Any CPU
		{A59D1224-D826-4103-958A-4F71C37FAD08}.Release|Any CPU.ActiveCfg = Release|Any CPU
		{A59D1224-D826-4103-958A-4F71C37FAD08}.Release|Any CPU.Build.0 = Release|Any CPU
		{A59D1224-D826-4103-958A-4F71C37FAD08}.Release|x64.ActiveCfg = Release|Any CPU
		{A59D1224-D826-4103-958A-4F71C37FAD08}.Release|x64.Build.0 = Release|Any CPU
		{A59D1224-D826-4103-958A-4F71C37FAD08}.Release|x86.ActiveCfg = Release|Any CPU
		{A59D1224-D826-4103-958A-4F71C37FAD08}.Release|x86.Build.0 = Release|Any CPU
		{8B188CC7-20B7-456A-9C3F-2E42F2F3CD0F}.Debug|Any CPU.ActiveCfg = Debug|Any CPU
		{8B188CC7-20B7-456A-9C3F-2E42F2F3CD0F}.Debug|Any CPU.Build.0 = Debug|Any CPU
		{8B188CC7-20B7-456A-9C3F-2E42F2F3CD0F}.Debug|x64.ActiveCfg = Debug|Any CPU
		{8B188CC7-20B7-456A-9C3F-2E42F2F3CD0F}.Debug|x64.Build.0 = Debug|Any CPU
		{8B188CC7-20B7-456A-9C3F-2E42F2F3CD0F}.Debug|x86.ActiveCfg = Debug|Any CPU
		{8B188CC7-20B7-456A-9C3F-2E42F2F3CD0F}.Debug|x86.Build.0 = Debug|Any CPU
		{8B188CC7-20B7-456A-9C3F-2E42F2F3CD0F}.Release|Any CPU.ActiveCfg = Release|Any CPU
		{8B188CC7-20B7-456A-9C3F-2E42F2F3CD0F}.Release|Any CPU.Build.0 = Release|Any CPU
		{8B188CC7-20B7-456A-9C3F-2E42F2F3CD0F}.Release|x64.ActiveCfg = Release|Any CPU
		{8B188CC7-20B7-456A-9C3F-2E42F2F3CD0F}.Release|x64.Build.0 = Release|Any CPU
		{8B188CC7-20B7-456A-9C3F-2E42F2F3CD0F}.Release|x86.ActiveCfg = Release|Any CPU
		{8B188CC7-20B7-456A-9C3F-2E42F2F3CD0F}.Release|x86.Build.0 = Release|Any CPU
		{4880BFE2-3647-4B4E-8C4C-F23413BFA9AC}.Debug|Any CPU.ActiveCfg = Debug|Any CPU
		{4880BFE2-3647-4B4E-8C4C-F23413BFA9AC}.Debug|Any CPU.Build.0 = Debug|Any CPU
		{4880BFE2-3647-4B4E-8C4C-F23413BFA9AC}.Debug|x64.ActiveCfg = Debug|Any CPU
		{4880BFE2-3647-4B4E-8C4C-F23413BFA9AC}.Debug|x64.Build.0 = Debug|Any CPU
		{4880BFE2-3647-4B4E-8C4C-F23413BFA9AC}.Debug|x86.ActiveCfg = Debug|Any CPU
		{4880BFE2-3647-4B4E-8C4C-F23413BFA9AC}.Debug|x86.Build.0 = Debug|Any CPU
		{4880BFE2-3647-4B4E-8C4C-F23413BFA9AC}.Release|Any CPU.ActiveCfg = Release|Any CPU
		{4880BFE2-3647-4B4E-8C4C-F23413BFA9AC}.Release|Any CPU.Build.0 = Release|Any CPU
		{4880BFE2-3647-4B4E-8C4C-F23413BFA9AC}.Release|x64.ActiveCfg = Release|Any CPU
		{4880BFE2-3647-4B4E-8C4C-F23413BFA9AC}.Release|x64.Build.0 = Release|Any CPU
		{4880BFE2-3647-4B4E-8C4C-F23413BFA9AC}.Release|x86.ActiveCfg = Release|Any CPU
		{4880BFE2-3647-4B4E-8C4C-F23413BFA9AC}.Release|x86.Build.0 = Release|Any CPU
		{8F2564EC-AC57-4CC0-9ECD-4897D936DFBC}.Debug|Any CPU.ActiveCfg = Debug|Any CPU
		{8F2564EC-AC57-4CC0-9ECD-4897D936DFBC}.Debug|Any CPU.Build.0 = Debug|Any CPU
		{8F2564EC-AC57-4CC0-9ECD-4897D936DFBC}.Debug|x64.ActiveCfg = Debug|Any CPU
		{8F2564EC-AC57-4CC0-9ECD-4897D936DFBC}.Debug|x64.Build.0 = Debug|Any CPU
		{8F2564EC-AC57-4CC0-9ECD-4897D936DFBC}.Debug|x86.ActiveCfg = Debug|Any CPU
		{8F2564EC-AC57-4CC0-9ECD-4897D936DFBC}.Debug|x86.Build.0 = Debug|Any CPU
		{8F2564EC-AC57-4CC0-9ECD-4897D936DFBC}.Release|Any CPU.ActiveCfg = Release|Any CPU
		{8F2564EC-AC57-4CC0-9ECD-4897D936DFBC}.Release|Any CPU.Build.0 = Release|Any CPU
		{8F2564EC-AC57-4CC0-9ECD-4897D936DFBC}.Release|x64.ActiveCfg = Release|Any CPU
		{8F2564EC-AC57-4CC0-9ECD-4897D936DFBC}.Release|x64.Build.0 = Release|Any CPU
		{8F2564EC-AC57-4CC0-9ECD-4897D936DFBC}.Release|x86.ActiveCfg = Release|Any CPU
		{8F2564EC-AC57-4CC0-9ECD-4897D936DFBC}.Release|x86.Build.0 = Release|Any CPU
	EndGlobalSection
	GlobalSection(SolutionProperties) = preSolution
		HideSolutionNode = FALSE
	EndGlobalSection
	GlobalSection(NestedProjects) = preSolution
		{90298CBA-BD6F-3A0A-69D5-97CAD7B05E7E} = {827E0CD3-B72D-47B6-A68D-7590B98EB39B}
		{9EE5AAEC-AB02-9FE8-CF99-35D2D2EE0FA4} = {90298CBA-BD6F-3A0A-69D5-97CAD7B05E7E}
		{E2D70648-0723-4359-8AAF-FC6F4B7480E1} = {9EE5AAEC-AB02-9FE8-CF99-35D2D2EE0FA4}
		{A4B1E784-646A-B9E1-E156-960261419CD6} = {90298CBA-BD6F-3A0A-69D5-97CAD7B05E7E}
		{EA434148-7B06-453C-9D93-B3ED6D743F82} = {A4B1E784-646A-B9E1-E156-960261419CD6}
		{981C2CF6-E5BB-602A-511C-234B538302B0} = {827E0CD3-B72D-47B6-A68D-7590B98EB39B}
		{10C097B4-D42D-4119-A576-6BF61C0CA95E} = {981C2CF6-E5BB-602A-511C-234B538302B0}
		{EC447DCF-ABFA-6E24-52A5-D7FD48A5C558} = {827E0CD3-B72D-47B6-A68D-7590B98EB39B}
		{7560297B-0865-452A-8E25-0FDF7046AF50} = {EC447DCF-ABFA-6E24-52A5-D7FD48A5C558}
		{5FE39EF4-500E-46CC-AFA6-3E37DB3C8EC8} = {EC447DCF-ABFA-6E24-52A5-D7FD48A5C558}
		{DEF05D85-86F1-393F-22F4-9251153583D2} = {EC447DCF-ABFA-6E24-52A5-D7FD48A5C558}
		{C7462053-A70D-4225-B628-C6C738234C34} = {DEF05D85-86F1-393F-22F4-9251153583D2}
		{243DDCA3-E86A-4E51-B4D9-58EBB244D3F3} = {DEF05D85-86F1-393F-22F4-9251153583D2}
		{560DA946-2DDD-47A9-AF07-42BED3B8AECD} = {DEF05D85-86F1-393F-22F4-9251153583D2}
		{505E5DBA-6213-49C5-B545-DF3857A97EBE} = {DEF05D85-86F1-393F-22F4-9251153583D2}
		{0904707B-09B3-9FF0-C6AF-59910AFB5D71} = {EC447DCF-ABFA-6E24-52A5-D7FD48A5C558}
		{BC9A843E-C21B-4B1D-8B71-85D8F5C4E04E} = {0904707B-09B3-9FF0-C6AF-59910AFB5D71}
		{660CE151-A145-44A5-A3FA-7E6D375BB7C1} = {0904707B-09B3-9FF0-C6AF-59910AFB5D71}
		{7CC468E4-DBD4-4BBA-A560-6C89648F263B} = {0904707B-09B3-9FF0-C6AF-59910AFB5D71}
		{9D9B21E0-9D76-4943-B3AC-92982C38EB22} = {0904707B-09B3-9FF0-C6AF-59910AFB5D71}
		{A59D1224-D826-4103-958A-4F71C37FAD08} = {0AB3BF05-4346-4AA6-1389-037BE0695223}
		{8B188CC7-20B7-456A-9C3F-2E42F2F3CD0F} = {0AB3BF05-4346-4AA6-1389-037BE0695223}
		{4880BFE2-3647-4B4E-8C4C-F23413BFA9AC} = {0AB3BF05-4346-4AA6-1389-037BE0695223}
		{8F2564EC-AC57-4CC0-9ECD-4897D936DFBC} = {0AB3BF05-4346-4AA6-1389-037BE0695223}
	EndGlobalSection
EndGlobal
